
Microsoft Visual Studio Solution File, Format Version 12.00
# Visual Studio Version 16
VisualStudioVersion = 16.0.30320.27
MinimumVisualStudioVersion = 10.0.40219.1
Project("{8BC9CEB8-8B4A-11D0-8D11-00A0C91BC942}") = "Raytracing", "Raytracing\Raytracing.vcxproj", "{B77FE22A-DEE7-4BB6-9B2B-8044F4342D21}"
EndProject
Global
	GlobalSection(SolutionConfigurationPlatforms) = preSolution
		Debug|x64 = Debug|x64
		Debug|x86 = Debug|x86
		Release|x64 = Release|x64
		Release|x86 = Release|x86
	EndGlobalSection
	GlobalSection(ProjectConfigurationPlatforms) = postSolution
		{B77FE22A-DEE7-4BB6-9B2B-8044F4342D21}.Debug|x64.ActiveCfg = Debug|x64
		{B77FE22A-DEE7-4BB6-9B2B-8044F4342D21}.Debug|x64.Build.0 = Debug|x64
		{B77FE22A-DEE7-4BB6-9B2B-8044F4342D21}.Debug|x86.ActiveCfg = Debug|Win32
		{B77FE22A-DEE7-4BB6-9B2B-8044F4342D21}.Debug|x86.Build.0 = Debug|Win32
		{B77FE22A-DEE7-4BB6-9B2B-8044F4342D21}.Release|x64.ActiveCfg = Release|x64
		{B77FE22A-DEE7-4BB6-9B2B-8044F4342D21}.Release|x64.Build.0 = Release|x64
		{B77FE22A-DEE7-4BB6-9B2B-8044F4342D21}.Release|x86.ActiveCfg = Release|Win32
		{B77FE22A-DEE7-4BB6-9B2B-8044F4342D21}.Release|x86.Build.0 = Release|Win32
	EndGlobalSection
	GlobalSection(SolutionProperties) = preSolution
		HideSolutionNode = FALSE
	EndGlobalSection
	GlobalSection(ExtensibilityGlobals) = postSolution
		SolutionGuid = {6023AC72-715F-40A6-895A-440B6376715F}
	EndGlobalSection
EndGlobal
