
Microsoft Visual Studio Solution File, Format Version 11.00
# Visual Studio 2010
Project("{8BC9CEB8-8B4A-11D0-8D11-00A0C91BC942}") = "openmp", "openmp\openmp.vcxproj", "{848982A5-1F47-47DD-A9D8-27A4C0C53250}"
EndProject
Global
	GlobalSection(SolutionConfigurationPlatforms) = preSolution
		Debug|Win32 = Debug|Win32
		Release|Win32 = Release|Win32
	EndGlobalSection
	GlobalSection(ProjectConfigurationPlatforms) = postSolution
		{848982A5-1F47-47DD-A9D8-27A4C0C53250}.Debug|Win32.ActiveCfg = Debug|Win32
		{848982A5-1F47-47DD-A9D8-27A4C0C53250}.Debug|Win32.Build.0 = Debug|Win32
		{848982A5-1F47-47DD-A9D8-27A4C0C53250}.Release|Win32.ActiveCfg = Release|Win32
		{848982A5-1F47-47DD-A9D8-27A4C0C53250}.Release|Win32.Build.0 = Release|Win32
	EndGlobalSection
	GlobalSection(SolutionProperties) = preSolution
		HideSolutionNode = FALSE
	EndGlobalSection
EndGlobal
